<?xml version="1.0" encoding="utf-8"?>
<Project ToolsVersion="4.0" xmlns="http://schemas.microsoft.com/developer/msbuild/2003">
  <ItemGroup>
    <ClCompile Include="..\src\common\test_app.cpp">
      <Filter>common</Filter>
    </ClCompile>
    <ClCompile Include="..\src\windows\main.cpp">
      <Filter>windows</Filter>
    </ClCompile>
    <ClCompile Include="..\src\windows\glad.c">
      <Filter>windows</Filter>
    </ClCompile>
  </ItemGroup>
  <ItemGroup>
    <Filter Include="common">
      <UniqueIdentifier>{ce7d902a-40aa-49aa-b348-6d6d91ddbed0}</UniqueIdentifier>
    </Filter>
    <Filter Include="windows">
      <UniqueIdentifier>{9b8bb770-d51a-4a3c-bf6f-dbc14173d06a}</UniqueIdentifier>
    </Filter>
  </ItemGroup>
  <ItemGroup>
    <ClInclude Include="..\src\common\test_app.h">
      <Filter>common</Filter>
    </ClInclude>
    <ClInclude Include="..\src\common\logger.h">
      <Filter>common</Filter>
    </ClInclude>
    <ClInclude Include="..\src\windows\logger.h">
      <Filter>windows</Filter>
    </ClInclude>
  </ItemGroup>
</Project>